// !$*UTF8*$!
{
	archiveVersion = 1;
	classes = {
	};
	objectVersion = 46;
	objects = {

/* Begin PBXBuildFile section */
		ABA85FCA1A89B822008D10DC /* main.m in Sources */ = {isa = PBXBuildFile; fileRef = ABA85FC91A89B822008D10DC /* main.m */; };
		ABA85FCD1A89B822008D10DC /* AppDelegate.m in Sources */ = {isa = PBXBuildFile; fileRef = ABA85FCC1A89B822008D10DC /* AppDelegate.m */; };
		ABA85FD01A89B822008D10DC /* ViewController.m in Sources */ = {isa = PBXBuildFile; fileRef = ABA85FCF1A89B822008D10DC /* ViewController.m */; };
		ABA85FD31A89B822008D10DC /* Main.storyboard in Resources */ = {isa = PBXBuildFile; fileRef = ABA85FD11A89B822008D10DC /* Main.storyboard */; };
		ABA85FD51A89B822008D10DC /* Images.xcassets in Resources */ = {isa = PBXBuildFile; fileRef = ABA85FD41A89B822008D10DC /* Images.xcassets */; };
		ABA85FD81A89B822008D10DC /* LaunchScreen.xib in Resources */ = {isa = PBXBuildFile; fileRef = ABA85FD61A89B822008D10DC /* LaunchScreen.xib */; };
		ABA85FE41A89B823008D10DC /* Prototype_CaitlinTests.m in Sources */ = {isa = PBXBuildFile; fileRef = ABA85FE31A89B823008D10DC /* Prototype_CaitlinTests.m */; };
/* End PBXBuildFile section */

/* Begin PBXContainerItemProxy section */
		ABA85FDE1A89B823008D10DC /* PBXContainerItemProxy */ = {
			isa = PBXContainerItemProxy;
			containerPortal = ABA85FBC1A89B822008D10DC /* Project object */;
			proxyType = 1;
			remoteGlobalIDString = ABA85FC31A89B822008D10DC;
			remoteInfo = "Prototype-Caitlin";
		};
/* End PBXContainerItemProxy section */

/* Begin PBXFileReference section */
		ABA85FC41A89B822008D10DC /* Prototype-Caitlin.app */ = {isa = PBXFileReference; explicitFileType = wrapper.application; includeInIndex = 0; path = "Prototype-Caitlin.app"; sourceTree = BUILT_PRODUCTS_DIR; };
		ABA85FC81A89B822008D10DC /* Info.plist */ = {isa = PBXFileReference; lastKnownFileType = text.plist.xml; path = Info.plist; sourceTree = "<group>"; };
		ABA85FC91A89B822008D10DC /* main.m */ = {isa = PBXFileReference; lastKnownFileType = sourcecode.c.objc; path = main.m; sourceTree = "<group>"; };
		ABA85FCB1A89B822008D10DC /* AppDelegate.h */ = {isa = PBXFileReference; lastKnownFileType = sourcecode.c.h; path = AppDelegate.h; sourceTree = "<group>"; };
		ABA85FCC1A89B822008D10DC /* AppDelegate.m */ = {isa = PBXFileReference; lastKnownFileType = sourcecode.c.objc; path = AppDelegate.m; sourceTree = "<group>"; };
		ABA85FCE1A89B822008D10DC /* ViewController.h */ = {isa = PBXFileReference; lastKnownFileType = sourcecode.c.h; path = ViewController.h; sourceTree = "<group>"; };
		ABA85FCF1A89B822008D10DC /* ViewController.m */ = {isa = PBXFileReference; lastKnownFileType = sourcecode.c.objc; path = ViewController.m; sourceTree = "<group>"; };
		ABA85FD21A89B822008D10DC /* Base */ = {isa = PBXFileReference; lastKnownFileType = file.storyboard; name = Base; path = Base.lproj/Main.storyboard; sourceTree = "<group>"; };
		ABA85FD41A89B822008D10DC /* Images.xcassets */ = {isa = PBXFileReference; lastKnownFileType = folder.assetcatalog; path = Images.xcassets; sourceTree = "<group>"; };
		ABA85FD71A89B822008D10DC /* Base */ = {isa = PBXFileReference; lastKnownFileType = file.xib; name = Base; path = Base.lproj/LaunchScreen.xib; sourceTree = "<group>"; };
		ABA85FDD1A89B823008D10DC /* Prototype-CaitlinTests.xctest */ = {isa = PBXFileReference; explicitFileType = wrapper.cfbundle; includeInIndex = 0; path = "Prototype-CaitlinTests.xctest"; sourceTree = BUILT_PRODUCTS_DIR; };
		ABA85FE21A89B823008D10DC /* Info.plist */ = {isa = PBXFileReference; lastKnownFileType = text.plist.xml; path = Info.plist; sourceTree = "<group>"; };
		ABA85FE31A89B823008D10DC /* Prototype_CaitlinTests.m */ = {isa = PBXFileReference; lastKnownFileType = sourcecode.c.objc; path = Prototype_CaitlinTests.m; sourceTree = "<group>"; };
/* End PBXFileReference section */

/* Begin PBXFrameworksBuildPhase section */
		ABA85FC11A89B822008D10DC /* Frameworks */ = {
			isa = PBXFrameworksBuildPhase;
			buildActionMask = 2147483647;
			files = (
			);
			runOnlyForDeploymentPostprocessing = 0;
		};
		ABA85FDA1A89B823008D10DC /* Frameworks */ = {
			isa = PBXFrameworksBuildPhase;
			buildActionMask = 2147483647;
			files = (
			);
			runOnlyForDeploymentPostprocessing = 0;
		};
/* End PBXFrameworksBuildPhase section */

/* Begin PBXGroup section */
		ABA85FBB1A89B822008D10DC = {
			isa = PBXGroup;
			children = (
				ABA85FC61A89B822008D10DC /* Prototype-Caitlin */,
				ABA85FE01A89B823008D10DC /* Prototype-CaitlinTests */,
				ABA85FC51A89B822008D10DC /* Products */,
			);
			sourceTree = "<group>";
		};
		ABA85FC51A89B822008D10DC /* Products */ = {
			isa = PBXGroup;
			children = (
				ABA85FC41A89B822008D10DC /* Prototype-Caitlin.app */,
				ABA85FDD1A89B823008D10DC /* Prototype-CaitlinTests.xctest */,
			);
			name = Products;
			sourceTree = "<group>";
		};
		ABA85FC61A89B822008D10DC /* Prototype-Caitlin */ = {
			isa = PBXGroup;
			children = (
				ABA85FCB1A89B822008D10DC /* AppDelegate.h */,
				ABA85FCC1A89B822008D10DC /* AppDelegate.m */,
				ABA85FCE1A89B822008D10DC /* ViewController.h */,
				ABA85FCF1A89B822008D10DC /* ViewController.m */,
				ABA85FD11A89B822008D10DC /* Main.storyboard */,
				ABA85FD41A89B822008D10DC /* Images.xcassets */,
				ABA85FD61A89B822008D10DC /* LaunchScreen.xib */,
				ABA85FC71A89B822008D10DC /* Supporting Files */,
			);
			path = "Prototype-Caitlin";
			sourceTree = "<group>";
		};
		ABA85FC71A89B822008D10DC /* Supporting Files */ = {
			isa = PBXGroup;
			children = (
				ABA85FC81A89B822008D10DC /* Info.plist */,
				ABA85FC91A89B822008D10DC /* main.m */,
			);
			name = "Supporting Files";
			sourceTree = "<group>";
		};
		ABA85FE01A89B823008D10DC /* Prototype-CaitlinTests */ = {
			isa = PBXGroup;
			children = (
				ABA85FE31A89B823008D10DC /* Prototype_CaitlinTests.m */,
				ABA85FE11A89B823008D10DC /* Supporting Files */,
			);
			path = "Prototype-CaitlinTests";
			sourceTree = "<group>";
		};
		ABA85FE11A89B823008D10DC /* Supporting Files */ = {
			isa = PBXGroup;
			children = (
				ABA85FE21A89B823008D10DC /* Info.plist */,
			);
			name = "Supporting Files";
			sourceTree = "<group>";
		};
/* End PBXGroup section */

/* Begin PBXNativeTarget section */
		ABA85FC31A89B822008D10DC /* Prototype-Caitlin */ = {
			isa = PBXNativeTarget;
			buildConfigurationList = ABA85FE71A89B823008D10DC /* Build configuration list for PBXNativeTarget "Prototype-Caitlin" */;
			buildPhases = (
				ABA85FC01A89B822008D10DC /* Sources */,
				ABA85FC11A89B822008D10DC /* Frameworks */,
				ABA85FC21A89B822008D10DC /* Resources */,
			);
			buildRules = (
			);
			dependencies = (
			);
			name = "Prototype-Caitlin";
			productName = "Prototype-Caitlin";
			productReference = ABA85FC41A89B822008D10DC /* Prototype-Caitlin.app */;
			productType = "com.apple.product-type.application";
		};
		ABA85FDC1A89B823008D10DC /* Prototype-CaitlinTests */ = {
			isa = PBXNativeTarget;
			buildConfigurationList = ABA85FEA1A89B823008D10DC /* Build configuration list for PBXNativeTarget "Prototype-CaitlinTests" */;
			buildPhases = (
				ABA85FD91A89B823008D10DC /* Sources */,
				ABA85FDA1A89B823008D10DC /* Frameworks */,
				ABA85FDB1A89B823008D10DC /* Resources */,
			);
			buildRules = (
			);
			dependencies = (
				ABA85FDF1A89B823008D10DC /* PBXTargetDependency */,
			);
			name = "Prototype-CaitlinTests";
			productName = "Prototype-CaitlinTests";
			productReference = ABA85FDD1A89B823008D10DC /* Prototype-CaitlinTests.xctest */;
			productType = "com.apple.product-type.bundle.unit-test";
		};
/* End PBXNativeTarget section */

/* Begin PBXProject section */
		ABA85FBC1A89B822008D10DC /* Project object */ = {
			isa = PBXProject;
			attributes = {
				LastUpgradeCheck = 0610;
				ORGANIZATIONNAME = camccandler15;
				TargetAttributes = {
					ABA85FC31A89B822008D10DC = {
						CreatedOnToolsVersion = 6.1.1;
					};
					ABA85FDC1A89B823008D10DC = {
						CreatedOnToolsVersion = 6.1.1;
						TestTargetID = ABA85FC31A89B822008D10DC;
					};
				};
			};
			buildConfigurationList = ABA85FBF1A89B822008D10DC /* Build configuration list for PBXProject "Prototype-Caitlin" */;
			compatibilityVersion = "Xcode 3.2";
			developmentRegion = English;
			hasScannedForEncodings = 0;
			knownRegions = (
				en,
				Base,
			);
			mainGroup = ABA85FBB1A89B822008D10DC;
			productRefGroup = ABA85FC51A89B822008D10DC /* Products */;
			projectDirPath = "";
			projectRoot = "";
			targets = (
				ABA85FC31A89B822008D10DC /* Prototype-Caitlin */,
				ABA85FDC1A89B823008D10DC /* Prototype-CaitlinTests */,
			);
		};
/* End PBXProject section */

/* Begin PBXResourcesBuildPhase section */
		ABA85FC21A89B822008D10DC /* Resources */ = {
			isa = PBXResourcesBuildPhase;
			buildActionMask = 2147483647;
			files = (
				ABA85FD31A89B822008D10DC /* Main.storyboard in Resources */,
				ABA85FD81A89B822008D10DC /* LaunchScreen.xib in Resources */,
				ABA85FD51A89B822008D10DC /* Images.xcassets in Resources */,
			);
			runOnlyForDeploymentPostprocessing = 0;
		};
		ABA85FDB1A89B823008D10DC /* Resources */ = {
			isa = PBXResourcesBuildPhase;
			buildActionMask = 2147483647;
			files = (
			);
			runOnlyForDeploymentPostprocessing = 0;
		};
/* End PBXResourcesBuildPhase section */

/* Begin PBXSourcesBuildPhase section */
		ABA85FC01A89B822008D10DC /* Sources */ = {
			isa = PBXSourcesBuildPhase;
			buildActionMask = 2147483647;
			files = (
				ABA85FD01A89B822008D10DC /* ViewController.m in Sources */,
				ABA85FCD1A89B822008D10DC /* AppDelegate.m in Sources */,
				ABA85FCA1A89B822008D10DC /* main.m in Sources */,
			);
			runOnlyForDeploymentPostprocessing = 0;
		};
		ABA85FD91A89B823008D10DC /* Sources */ = {
			isa = PBXSourcesBuildPhase;
			buildActionMask = 2147483647;
			files = (
				ABA85FE41A89B823008D10DC /* Prototype_CaitlinTests.m in Sources */,
			);
			runOnlyForDeploymentPostprocessing = 0;
		};
/* End PBXSourcesBuildPhase section */

/* Begin PBXTargetDependency section */
		ABA85FDF1A89B823008D10DC /* PBXTargetDependency */ = {
			isa = PBXTargetDependency;
			target = ABA85FC31A89B822008D10DC /* Prototype-Caitlin */;
			targetProxy = ABA85FDE1A89B823008D10DC /* PBXContainerItemProxy */;
		};
/* End PBXTargetDependency section */

/* Begin PBXVariantGroup section */
		ABA85FD11A89B822008D10DC /* Main.storyboard */ = {
			isa = PBXVariantGroup;
			children = (
				ABA85FD21A89B822008D10DC /* Base */,
			);
			name = Main.storyboard;
			sourceTree = "<group>";
		};
		ABA85FD61A89B822008D10DC /* LaunchScreen.xib */ = {
			isa = PBXVariantGroup;
			children = (
				ABA85FD71A89B822008D10DC /* Base */,
			);
			name = LaunchScreen.xib;
			sourceTree = "<group>";
		};
/* End PBXVariantGroup section */

/* Begin XCBuildConfiguration section */
		ABA85FE51A89B823008D10DC /* Debug */ = {
			isa = XCBuildConfiguration;
			buildSettings = {
				ALWAYS_SEARCH_USER_PATHS = NO;
				CLANG_CXX_LANGUAGE_STANDARD = "gnu++0x";
				CLANG_CXX_LIBRARY = "libc++";
				CLANG_ENABLE_MODULES = YES;
				CLANG_ENABLE_OBJC_ARC = YES;
				CLANG_WARN_BOOL_CONVERSION = YES;
				CLANG_WARN_CONSTANT_CONVERSION = YES;
				CLANG_WARN_DIRECT_OBJC_ISA_USAGE = YES_ERROR;
				CLANG_WARN_EMPTY_BODY = YES;
				CLANG_WARN_ENUM_CONVERSION = YES;
				CLANG_WARN_INT_CONVERSION = YES;
				CLANG_WARN_OBJC_ROOT_CLASS = YES_ERROR;
				CLANG_WARN_UNREACHABLE_CODE = YES;
				CLANG_WARN__DUPLICATE_METHOD_MATCH = YES;
				"CODE_SIGN_IDENTITY[sdk=iphoneos*]" = "iPhone Developer";
				COPY_PHASE_STRIP = NO;
				ENABLE_STRICT_OBJC_MSGSEND = YES;
				GCC_C_LANGUAGE_STANDARD = gnu99;
				GCC_DYNAMIC_NO_PIC = NO;
				GCC_OPTIMIZATION_LEVEL = 0;
				GCC_PREPROCESSOR_DEFINITIONS = (
					"DEBUG=1",
					"$(inherited)",
				);
				GCC_SYMBOLS_PRIVATE_EXTERN = NO;
				GCC_WARN_64_TO_32_BIT_CONVERSION = YES;
				GCC_WARN_ABOUT_RETURN_TYPE = YES_ERROR;
				GCC_WARN_UNDECLARED_SELECTOR = YES;
				GCC_WARN_UNINITIALIZED_AUTOS = YES_AGGRESSIVE;
				GCC_WARN_UNUSED_FUNCTION = YES;
				GCC_WARN_UNUSED_VARIABLE = YES;
				IPHONEOS_DEPLOYMENT_TARGET = 8.1;
				MTL_ENABLE_DEBUG_INFO = YES;
				ONLY_ACTIVE_ARCH = YES;
				SDKROOT = iphoneos;
				TARGETED_DEVICE_FAMILY = "1,2";
			};
			name = Debug;
		};
		ABA85FE61A89B823008D10DC /* Release */ = {
			isa = XCBuildConfiguration;
			buildSettings = {
				ALWAYS_SEARCH_USER_PATHS = NO;
				CLANG_CXX_LANGUAGE_STANDARD = "gnu++0x";
				CLANG_CXX_LIBRARY = "libc++";
				CLANG_ENABLE_MODULES = YES;
				CLANG_ENABLE_OBJC_ARC = YES;
				CLANG_WARN_BOOL_CONVERSION = YES;
				CLANG_WARN_CONSTANT_CONVERSION = YES;
				CLANG_WARN_DIRECT_OBJC_ISA_USAGE = YES_ERROR;
				CLANG_WARN_EMPTY_BODY = YES;
				CLANG_WARN_ENUM_CONVERSION = YES;
				CLANG_WARN_INT_CONVERSION = YES;
				CLANG_WARN_OBJC_ROOT_CLASS = YES_ERROR;
				CLANG_WARN_UNREACHABLE_CODE = YES;
				CLANG_WARN__DUPLICATE_METHOD_MATCH = YES;
				"CODE_SIGN_IDENTITY[sdk=iphoneos*]" = "iPhone Developer";
				COPY_PHASE_STRIP = YES;
				ENABLE_NS_ASSERTIONS = NO;
				ENABLE_STRICT_OBJC_MSGSEND = YES;
				GCC_C_LANGUAGE_STANDARD = gnu99;
				GCC_WARN_64_TO_32_BIT_CONVERSION = YES;
				GCC_WARN_ABOUT_RETURN_TYPE = YES_ERROR;
				GCC_WARN_UNDECLARED_SELECTOR = YES;
				GCC_WARN_UNINITIALIZED_AUTOS = YES_AGGRESSIVE;
				GCC_WARN_UNUSED_FUNCTION = YES;
				GCC_WARN_UNUSED_VARIABLE = YES;
				IPHONEOS_DEPLOYMENT_TARGET = 8.1;
				MTL_ENABLE_DEBUG_INFO = NO;
				SDKROOT = iphoneos;
				TARGETED_DEVICE_FAMILY = "1,2";
				VALIDATE_PRODUCT = YES;
			};
			name = Release;
		};
		ABA85FE81A89B823008D10DC /* Debug */ = {
			isa = XCBuildConfiguration;
			buildSettings = {
				ASSETCATALOG_COMPILER_APPICON_NAME = AppIcon;
				INFOPLIST_FILE = "Prototype-Caitlin/Info.plist";
				LD_RUNPATH_SEARCH_PATHS = "$(inherited) @executable_path/Frameworks";
				PRODUCT_NAME = "$(TARGET_NAME)";
			};
			name = Debug;
		};
		ABA85FE91A89B823008D10DC /* Release */ = {
			isa = XCBuildConfiguration;
			buildSettings = {
				ASSETCATALOG_COMPILER_APPICON_NAME = AppIcon;
				INFOPLIST_FILE = "Prototype-Caitlin/Info.plist";
				LD_RUNPATH_SEARCH_PATHS = "$(inherited) @executable_path/Frameworks";
				PRODUCT_NAME = "$(TARGET_NAME)";
			};
			name = Release;
		};
		ABA85FEB1A89B823008D10DC /* Debug */ = {
			isa = XCBuildConfiguration;
			buildSettings = {
				BUNDLE_LOADER = "$(TEST_HOST)";
				FRAMEWORK_SEARCH_PATHS = (
					"$(SDKROOT)/Developer/Library/Frameworks",
					"$(inherited)",
				);
				GCC_PREPROCESSOR_DEFINITIONS = (
					"DEBUG=1",
					"$(inherited)",
				);
				INFOPLIST_FILE = "Prototype-CaitlinTests/Info.plist";
				LD_RUNPATH_SEARCH_PATHS = "$(inherited) @executable_path/Frameworks @loader_path/Frameworks";
				PRODUCT_NAME = "$(TARGET_NAME)";
				TEST_HOST = "$(BUILT_PRODUCTS_DIR)/Prototype-Caitlin.app/Prototype-Caitlin";
			};
			name = Debug;
		};
		ABA85FEC1A89B823008D10DC /* Release */ = {
			isa = XCBuildConfiguration;
			buildSettings = {
				BUNDLE_LOADER = "$(TEST_HOST)";
				FRAMEWORK_SEARCH_PATHS = (
					"$(SDKROOT)/Developer/Library/Frameworks",
					"$(inherited)",
				);
				INFOPLIST_FILE = "Prototype-CaitlinTests/Info.plist";
				LD_RUNPATH_SEARCH_PATHS = "$(inherited) @executable_path/Frameworks @loader_path/Frameworks";
				PRODUCT_NAME = "$(TARGET_NAME)";
				TEST_HOST = "$(BUILT_PRODUCTS_DIR)/Prototype-Caitlin.app/Prototype-Caitlin";
			};
			name = Release;
		};
/* End XCBuildConfiguration section */

/* Begin XCConfigurationList section */
		ABA85FBF1A89B822008D10DC /* Build configuration list for PBXProject "Prototype-Caitlin" */ = {
			isa = XCConfigurationList;
			buildConfigurations = (
				ABA85FE51A89B823008D10DC /* Debug */,
				ABA85FE61A89B823008D10DC /* Release */,
			);
			defaultConfigurationIsVisible = 0;
			defaultConfigurationName = Release;
		};
		ABA85FE71A89B823008D10DC /* Build configuration list for PBXNativeTarget "Prototype-Caitlin" */ = {
			isa = XCConfigurationList;
			buildConfigurations = (
				ABA85FE81A89B823008D10DC /* Debug */,
				ABA85FE91A89B823008D10DC /* Release */,
			);
			defaultConfigurationIsVisible = 0;
		};
		ABA85FEA1A89B823008D10DC /* Build configuration list for PBXNativeTarget "Prototype-CaitlinTests" */ = {
			isa = XCConfigurationList;
			buildConfigurations = (
				ABA85FEB1A89B823008D10DC /* Debug */,
				ABA85FEC1A89B823008D10DC /* Release */,
			);
			defaultConfigurationIsVisible = 0;
		};
/* End XCConfigurationList section */
	};
	rootObject = ABA85FBC1A89B822008D10DC /* Project object */;
}
